
Microsoft Visual Studio Solution File, Format Version 12.00
# Visual Studio Version 17
VisualStudioVersion = 17.7.34221.43
MinimumVisualStudioVersion = 10.0.40219.1
Project("{FAE04EC0-301F-11D3-BF4B-00C04F79EFBC}") = "T12_4", "T12_4.csproj", "{19E73580-4BCC-484E-A505-928D09A9E342}"
EndProject
Global
	GlobalSection(SolutionConfigurationPlatforms) = preSolution
		Debug|Any CPU = Debug|Any CPU
		Release|Any CPU = Release|Any CPU
	EndGlobalSection
	GlobalSection(ProjectConfigurationPlatforms) = postSolution
		{19E73580-4BCC-484E-A505-928D09A9E342}.Debug|Any CPU.ActiveCfg = Debug|Any CPU
		{19E73580-4BCC-484E-A505-928D09A9E342}.Debug|Any CPU.Build.0 = Debug|Any CPU
		{19E73580-4BCC-484E-A505-928D09A9E342}.Release|Any CPU.ActiveCfg = Release|Any CPU
		{19E73580-4BCC-484E-A505-928D09A9E342}.Release|Any CPU.Build.0 = Release|Any CPU
	EndGlobalSection
	GlobalSection(SolutionProperties) = preSolution
		HideSolutionNode = FALSE
	EndGlobalSection
	GlobalSection(ExtensibilityGlobals) = postSolution
		SolutionGuid = {DDF8A45F-0170-4591-8572-7EBCF8BF2109}
	EndGlobalSection
EndGlobal
